// !$*UTF8*$!
{
	archiveVersion = 1;
	classes = {
	};
	objectVersion = 51;
	objects = {

/* Begin PBXBuildFile section */
		1702EE082434164700FFB259 /* SwiftUIExtension.swift in Sources */ = {isa = PBXBuildFile; fileRef = 1702EE072434164700FFB259 /* SwiftUIExtension.swift */; };
		1717413823418DB000402029 /* UIStyleChanges.swift in Sources */ = {isa = PBXBuildFile; fileRef = 1717413723418DB000402029 /* UIStyleChanges.swift */; };
		1726168C22826FE200A9EB76 /* QuickSupport.framework in Frameworks */ = {isa = PBXBuildFile; fileRef = 1726168222826FE200A9EB76 /* QuickSupport.framework */; };
		1726169122826FE200A9EB76 /* QuickSupportTests.swift in Sources */ = {isa = PBXBuildFile; fileRef = 1726169022826FE200A9EB76 /* QuickSupportTests.swift */; };
		1726169322826FE200A9EB76 /* QuickSupport.h in Headers */ = {isa = PBXBuildFile; fileRef = 1726168522826FE200A9EB76 /* QuickSupport.h */; settings = {ATTRIBUTES = (Public, ); }; };
		172616BC2282709000A9EB76 /* Cancelable.swift in Sources */ = {isa = PBXBuildFile; fileRef = 172616A42282709000A9EB76 /* Cancelable.swift */; };
		172616BD2282709000A9EB76 /* ViewAttach.swift in Sources */ = {isa = PBXBuildFile; fileRef = 172616A52282709000A9EB76 /* ViewAttach.swift */; };
		172616BE2282709000A9EB76 /* IntentContainer.swift in Sources */ = {isa = PBXBuildFile; fileRef = 172616A62282709000A9EB76 /* IntentContainer.swift */; };
		172616BF2282709000A9EB76 /* FieldError.swift in Sources */ = {isa = PBXBuildFile; fileRef = 172616A72282709000A9EB76 /* FieldError.swift */; };
		172616C02282709100A9EB76 /* KeyboardNotification.swift in Sources */ = {isa = PBXBuildFile; fileRef = 172616A82282709000A9EB76 /* KeyboardNotification.swift */; };
		172616C12282709100A9EB76 /* ForegroundNotable.swift in Sources */ = {isa = PBXBuildFile; fileRef = 172616A92282709000A9EB76 /* ForegroundNotable.swift */; };
		172616C22282709100A9EB76 /* YearMonthDay.swift in Sources */ = {isa = PBXBuildFile; fileRef = 172616AA2282709000A9EB76 /* YearMonthDay.swift */; };
		172616C32282709100A9EB76 /* AlsoBlock.swift in Sources */ = {isa = PBXBuildFile; fileRef = 172616AB2282709000A9EB76 /* AlsoBlock.swift */; };
		172616C62282709100A9EB76 /* DeviceUtil.swift in Sources */ = {isa = PBXBuildFile; fileRef = 172616B02282709000A9EB76 /* DeviceUtil.swift */; };
		172616C72282709100A9EB76 /* CommonExtensions.swift in Sources */ = {isa = PBXBuildFile; fileRef = 172616B12282709000A9EB76 /* CommonExtensions.swift */; };
		172616C82282709100A9EB76 /* TimeUtil.swift in Sources */ = {isa = PBXBuildFile; fileRef = 172616B22282709000A9EB76 /* TimeUtil.swift */; };
		172616C92282709100A9EB76 /* Validation.swift in Sources */ = {isa = PBXBuildFile; fileRef = 172616B32282709000A9EB76 /* Validation.swift */; };
		172616CA2282709100A9EB76 /* UIKitExtension.swift in Sources */ = {isa = PBXBuildFile; fileRef = 172616B42282709000A9EB76 /* UIKitExtension.swift */; };
		172616CB2282709100A9EB76 /* KeychainTokenItem.swift in Sources */ = {isa = PBXBuildFile; fileRef = 172616B52282709000A9EB76 /* KeychainTokenItem.swift */; };
		172616CC2282709100A9EB76 /* StringExtension.swift in Sources */ = {isa = PBXBuildFile; fileRef = 172616B62282709000A9EB76 /* StringExtension.swift */; };
		172616CD2282709100A9EB76 /* HideKeypadWhenTap.swift in Sources */ = {isa = PBXBuildFile; fileRef = 172616B72282709000A9EB76 /* HideKeypadWhenTap.swift */; };
		172616DE228270AD00A9EB76 /* TouchEffectView.swift in Sources */ = {isa = PBXBuildFile; fileRef = 172616D0228270AD00A9EB76 /* TouchEffectView.swift */; };
		172616E0228270AD00A9EB76 /* LoadingVisible.swift in Sources */ = {isa = PBXBuildFile; fileRef = 172616D2228270AD00A9EB76 /* LoadingVisible.swift */; };
		172616E1228270AD00A9EB76 /* BaseViewController.swift in Sources */ = {isa = PBXBuildFile; fileRef = 172616D3228270AD00A9EB76 /* BaseViewController.swift */; };
		172616E2228270AD00A9EB76 /* CreateViaStoryboard.swift in Sources */ = {isa = PBXBuildFile; fileRef = 172616D4228270AD00A9EB76 /* CreateViaStoryboard.swift */; };
		172616E3228270AD00A9EB76 /* QuickButton.swift in Sources */ = {isa = PBXBuildFile; fileRef = 172616D5228270AD00A9EB76 /* QuickButton.swift */; };
		172616E4228270AD00A9EB76 /* AlertPop.swift in Sources */ = {isa = PBXBuildFile; fileRef = 172616D6228270AD00A9EB76 /* AlertPop.swift */; };
		172616E5228270AD00A9EB76 /* JustCollectionCell.swift in Sources */ = {isa = PBXBuildFile; fileRef = 172616D7228270AD00A9EB76 /* JustCollectionCell.swift */; };
		172616E6228270AD00A9EB76 /* FinalView.swift in Sources */ = {isa = PBXBuildFile; fileRef = 172616D8228270AD00A9EB76 /* FinalView.swift */; };
		172616E7228270AD00A9EB76 /* JustTableCell.swift in Sources */ = {isa = PBXBuildFile; fileRef = 172616D9228270AD00A9EB76 /* JustTableCell.swift */; };
		172616E8228270AD00A9EB76 /* EmptyCollectionCell.swift in Sources */ = {isa = PBXBuildFile; fileRef = 172616DA228270AD00A9EB76 /* EmptyCollectionCell.swift */; };
		172616E9228270AD00A9EB76 /* GraidentView.swift in Sources */ = {isa = PBXBuildFile; fileRef = 172616DB228270AD00A9EB76 /* GraidentView.swift */; };
		172616EA228270AD00A9EB76 /* LoadingView.swift in Sources */ = {isa = PBXBuildFile; fileRef = 172616DC228270AD00A9EB76 /* LoadingView.swift */; };
		17369C4A228AADD3002DB4E9 /* JustView.swift in Sources */ = {isa = PBXBuildFile; fileRef = 17369C49228AADD3002DB4E9 /* JustView.swift */; };
		17FB854A22FA6CA900D1F29E /* RunOnMain.swift in Sources */ = {isa = PBXBuildFile; fileRef = 17FB854922FA6CA900D1F29E /* RunOnMain.swift */; };
		17FB854D2303A89100D1F29E /* CommonExtensions.swift in Sources */ = {isa = PBXBuildFile; fileRef = 172616B12282709000A9EB76 /* CommonExtensions.swift */; };
		17FB854E2303AA6E00D1F29E /* TimeUtil.swift in Sources */ = {isa = PBXBuildFile; fileRef = 172616B22282709000A9EB76 /* TimeUtil.swift */; };
/* End PBXBuildFile section */

/* Begin PBXContainerItemProxy section */
		1726168D22826FE200A9EB76 /* PBXContainerItemProxy */ = {
			isa = PBXContainerItemProxy;
			containerPortal = 1726167922826FE200A9EB76 /* Project object */;
			proxyType = 1;
			remoteGlobalIDString = 1726168122826FE200A9EB76;
			remoteInfo = QuickSupport;
		};
/* End PBXContainerItemProxy section */

/* Begin PBXFileReference section */
		1702EE072434164700FFB259 /* SwiftUIExtension.swift */ = {isa = PBXFileReference; lastKnownFileType = sourcecode.swift; path = SwiftUIExtension.swift; sourceTree = "<group>"; };
		1717413723418DB000402029 /* UIStyleChanges.swift */ = {isa = PBXFileReference; lastKnownFileType = sourcecode.swift; path = UIStyleChanges.swift; sourceTree = "<group>"; };
		1726168222826FE200A9EB76 /* QuickSupport.framework */ = {isa = PBXFileReference; explicitFileType = wrapper.framework; includeInIndex = 0; path = QuickSupport.framework; sourceTree = BUILT_PRODUCTS_DIR; };
		1726168522826FE200A9EB76 /* QuickSupport.h */ = {isa = PBXFileReference; lastKnownFileType = sourcecode.c.h; path = QuickSupport.h; sourceTree = "<group>"; };
		1726168622826FE200A9EB76 /* Info.plist */ = {isa = PBXFileReference; lastKnownFileType = text.plist.xml; path = Info.plist; sourceTree = "<group>"; };
		1726168B22826FE200A9EB76 /* QuickSupportTests.xctest */ = {isa = PBXFileReference; explicitFileType = wrapper.cfbundle; includeInIndex = 0; path = QuickSupportTests.xctest; sourceTree = BUILT_PRODUCTS_DIR; };
		1726169022826FE200A9EB76 /* QuickSupportTests.swift */ = {isa = PBXFileReference; lastKnownFileType = sourcecode.swift; path = QuickSupportTests.swift; sourceTree = "<group>"; };
		1726169222826FE200A9EB76 /* Info.plist */ = {isa = PBXFileReference; lastKnownFileType = text.plist.xml; path = Info.plist; sourceTree = "<group>"; };
		172616A42282709000A9EB76 /* Cancelable.swift */ = {isa = PBXFileReference; fileEncoding = 4; lastKnownFileType = sourcecode.swift; path = Cancelable.swift; sourceTree = "<group>"; };
		172616A52282709000A9EB76 /* ViewAttach.swift */ = {isa = PBXFileReference; fileEncoding = 4; lastKnownFileType = sourcecode.swift; path = ViewAttach.swift; sourceTree = "<group>"; };
		172616A62282709000A9EB76 /* IntentContainer.swift */ = {isa = PBXFileReference; fileEncoding = 4; lastKnownFileType = sourcecode.swift; path = IntentContainer.swift; sourceTree = "<group>"; };
		172616A72282709000A9EB76 /* FieldError.swift */ = {isa = PBXFileReference; fileEncoding = 4; lastKnownFileType = sourcecode.swift; path = FieldError.swift; sourceTree = "<group>"; };
		172616A82282709000A9EB76 /* KeyboardNotification.swift */ = {isa = PBXFileReference; fileEncoding = 4; lastKnownFileType = sourcecode.swift; path = KeyboardNotification.swift; sourceTree = "<group>"; };
		172616A92282709000A9EB76 /* ForegroundNotable.swift */ = {isa = PBXFileReference; fileEncoding = 4; lastKnownFileType = sourcecode.swift; path = ForegroundNotable.swift; sourceTree = "<group>"; };
		172616AA2282709000A9EB76 /* YearMonthDay.swift */ = {isa = PBXFileReference; fileEncoding = 4; lastKnownFileType = sourcecode.swift; path = YearMonthDay.swift; sourceTree = "<group>"; };
		172616AB2282709000A9EB76 /* AlsoBlock.swift */ = {isa = PBXFileReference; fileEncoding = 4; lastKnownFileType = sourcecode.swift; path = AlsoBlock.swift; sourceTree = "<group>"; };
		172616B02282709000A9EB76 /* DeviceUtil.swift */ = {isa = PBXFileReference; fileEncoding = 4; lastKnownFileType = sourcecode.swift; path = DeviceUtil.swift; sourceTree = "<group>"; };
		172616B12282709000A9EB76 /* CommonExtensions.swift */ = {isa = PBXFileReference; fileEncoding = 4; lastKnownFileType = sourcecode.swift; path = CommonExtensions.swift; sourceTree = "<group>"; };
		172616B22282709000A9EB76 /* TimeUtil.swift */ = {isa = PBXFileReference; fileEncoding = 4; lastKnownFileType = sourcecode.swift; path = TimeUtil.swift; sourceTree = "<group>"; };
		172616B32282709000A9EB76 /* Validation.swift */ = {isa = PBXFileReference; fileEncoding = 4; lastKnownFileType = sourcecode.swift; path = Validation.swift; sourceTree = "<group>"; };
		172616B42282709000A9EB76 /* UIKitExtension.swift */ = {isa = PBXFileReference; fileEncoding = 4; lastKnownFileType = sourcecode.swift; path = UIKitExtension.swift; sourceTree = "<group>"; };
		172616B52282709000A9EB76 /* KeychainTokenItem.swift */ = {isa = PBXFileReference; fileEncoding = 4; lastKnownFileType = sourcecode.swift; path = KeychainTokenItem.swift; sourceTree = "<group>"; };
		172616B62282709000A9EB76 /* StringExtension.swift */ = {isa = PBXFileReference; fileEncoding = 4; lastKnownFileType = sourcecode.swift; path = StringExtension.swift; sourceTree = "<group>"; };
		172616B72282709000A9EB76 /* HideKeypadWhenTap.swift */ = {isa = PBXFileReference; fileEncoding = 4; lastKnownFileType = sourcecode.swift; path = HideKeypadWhenTap.swift; sourceTree = "<group>"; };
		172616D0228270AD00A9EB76 /* TouchEffectView.swift */ = {isa = PBXFileReference; fileEncoding = 4; lastKnownFileType = sourcecode.swift; path = TouchEffectView.swift; sourceTree = "<group>"; };
		172616D2228270AD00A9EB76 /* LoadingVisible.swift */ = {isa = PBXFileReference; fileEncoding = 4; lastKnownFileType = sourcecode.swift; path = LoadingVisible.swift; sourceTree = "<group>"; };
		172616D3228270AD00A9EB76 /* BaseViewController.swift */ = {isa = PBXFileReference; fileEncoding = 4; lastKnownFileType = sourcecode.swift; path = BaseViewController.swift; sourceTree = "<group>"; };
		172616D4228270AD00A9EB76 /* CreateViaStoryboard.swift */ = {isa = PBXFileReference; fileEncoding = 4; lastKnownFileType = sourcecode.swift; path = CreateViaStoryboard.swift; sourceTree = "<group>"; };
		172616D5228270AD00A9EB76 /* QuickButton.swift */ = {isa = PBXFileReference; fileEncoding = 4; lastKnownFileType = sourcecode.swift; path = QuickButton.swift; sourceTree = "<group>"; };
		172616D6228270AD00A9EB76 /* AlertPop.swift */ = {isa = PBXFileReference; fileEncoding = 4; lastKnownFileType = sourcecode.swift; path = AlertPop.swift; sourceTree = "<group>"; };
		172616D7228270AD00A9EB76 /* JustCollectionCell.swift */ = {isa = PBXFileReference; fileEncoding = 4; lastKnownFileType = sourcecode.swift; path = JustCollectionCell.swift; sourceTree = "<group>"; };
		172616D8228270AD00A9EB76 /* FinalView.swift */ = {isa = PBXFileReference; fileEncoding = 4; lastKnownFileType = sourcecode.swift; path = FinalView.swift; sourceTree = "<group>"; };
		172616D9228270AD00A9EB76 /* JustTableCell.swift */ = {isa = PBXFileReference; fileEncoding = 4; lastKnownFileType = sourcecode.swift; path = JustTableCell.swift; sourceTree = "<group>"; };
		172616DA228270AD00A9EB76 /* EmptyCollectionCell.swift */ = {isa = PBXFileReference; fileEncoding = 4; lastKnownFileType = sourcecode.swift; path = EmptyCollectionCell.swift; sourceTree = "<group>"; };
		172616DB228270AD00A9EB76 /* GraidentView.swift */ = {isa = PBXFileReference; fileEncoding = 4; lastKnownFileType = sourcecode.swift; path = GraidentView.swift; sourceTree = "<group>"; };
		172616DC228270AD00A9EB76 /* LoadingView.swift */ = {isa = PBXFileReference; fileEncoding = 4; lastKnownFileType = sourcecode.swift; path = LoadingView.swift; sourceTree = "<group>"; };
		17369C49228AADD3002DB4E9 /* JustView.swift */ = {isa = PBXFileReference; fileEncoding = 4; lastKnownFileType = sourcecode.swift; path = JustView.swift; sourceTree = "<group>"; };
		17FB854922FA6CA900D1F29E /* RunOnMain.swift */ = {isa = PBXFileReference; lastKnownFileType = sourcecode.swift; path = RunOnMain.swift; sourceTree = "<group>"; };
/* End PBXFileReference section */

/* Begin PBXFrameworksBuildPhase section */
		1726167F22826FE200A9EB76 /* Frameworks */ = {
			isa = PBXFrameworksBuildPhase;
			buildActionMask = 2147483647;
			files = (
			);
			runOnlyForDeploymentPostprocessing = 0;
		};
		1726168822826FE200A9EB76 /* Frameworks */ = {
			isa = PBXFrameworksBuildPhase;
			buildActionMask = 2147483647;
			files = (
				1726168C22826FE200A9EB76 /* QuickSupport.framework in Frameworks */,
			);
			runOnlyForDeploymentPostprocessing = 0;
		};
/* End PBXFrameworksBuildPhase section */

/* Begin PBXGroup section */
		1726167822826FE200A9EB76 = {
			isa = PBXGroup;
			children = (
				172616CE228270AD00A9EB76 /* component */,
				172616A32282709000A9EB76 /* type */,
				172616AF2282709000A9EB76 /* util */,
				1726168422826FE200A9EB76 /* QuickSupport */,
				1726168F22826FE200A9EB76 /* QuickSupportTests */,
				1726168322826FE200A9EB76 /* Products */,
			);
			sourceTree = "<group>";
		};
		1726168322826FE200A9EB76 /* Products */ = {
			isa = PBXGroup;
			children = (
				1726168222826FE200A9EB76 /* QuickSupport.framework */,
				1726168B22826FE200A9EB76 /* QuickSupportTests.xctest */,
			);
			name = Products;
			sourceTree = "<group>";
		};
		1726168422826FE200A9EB76 /* QuickSupport */ = {
			isa = PBXGroup;
			children = (
				1726168522826FE200A9EB76 /* QuickSupport.h */,
				1726168622826FE200A9EB76 /* Info.plist */,
			);
			path = QuickSupport;
			sourceTree = "<group>";
		};
		1726168F22826FE200A9EB76 /* QuickSupportTests */ = {
			isa = PBXGroup;
			children = (
				1726169022826FE200A9EB76 /* QuickSupportTests.swift */,
				1726169222826FE200A9EB76 /* Info.plist */,
			);
			path = QuickSupportTests;
			sourceTree = "<group>";
		};
		172616A32282709000A9EB76 /* type */ = {
			isa = PBXGroup;
			children = (
				172616A42282709000A9EB76 /* Cancelable.swift */,
				172616A52282709000A9EB76 /* ViewAttach.swift */,
				172616A62282709000A9EB76 /* IntentContainer.swift */,
				172616A72282709000A9EB76 /* FieldError.swift */,
				172616A82282709000A9EB76 /* KeyboardNotification.swift */,
				172616A92282709000A9EB76 /* ForegroundNotable.swift */,
				172616AA2282709000A9EB76 /* YearMonthDay.swift */,
				172616AB2282709000A9EB76 /* AlsoBlock.swift */,
			);
			path = type;
			sourceTree = "<group>";
		};
		172616AF2282709000A9EB76 /* util */ = {
			isa = PBXGroup;
			children = (
				172616B02282709000A9EB76 /* DeviceUtil.swift */,
				172616B12282709000A9EB76 /* CommonExtensions.swift */,
				172616B22282709000A9EB76 /* TimeUtil.swift */,
				172616B32282709000A9EB76 /* Validation.swift */,
				172616B42282709000A9EB76 /* UIKitExtension.swift */,
				172616B52282709000A9EB76 /* KeychainTokenItem.swift */,
				172616B62282709000A9EB76 /* StringExtension.swift */,
				172616B72282709000A9EB76 /* HideKeypadWhenTap.swift */,
				17FB854922FA6CA900D1F29E /* RunOnMain.swift */,
				1702EE072434164700FFB259 /* SwiftUIExtension.swift */,
			);
			path = util;
			sourceTree = "<group>";
		};
		172616CE228270AD00A9EB76 /* component */ = {
			isa = PBXGroup;
			children = (
				172616D6228270AD00A9EB76 /* AlertPop.swift */,
				172616D3228270AD00A9EB76 /* BaseViewController.swift */,
				172616D4228270AD00A9EB76 /* CreateViaStoryboard.swift */,
				172616DA228270AD00A9EB76 /* EmptyCollectionCell.swift */,
				172616D8228270AD00A9EB76 /* FinalView.swift */,
				172616DB228270AD00A9EB76 /* GraidentView.swift */,
				172616D7228270AD00A9EB76 /* JustCollectionCell.swift */,
				172616D9228270AD00A9EB76 /* JustTableCell.swift */,
				17369C49228AADD3002DB4E9 /* JustView.swift */,
				172616DC228270AD00A9EB76 /* LoadingView.swift */,
				172616D2228270AD00A9EB76 /* LoadingVisible.swift */,
				172616D5228270AD00A9EB76 /* QuickButton.swift */,
				172616D0228270AD00A9EB76 /* TouchEffectView.swift */,
				1717413723418DB000402029 /* UIStyleChanges.swift */,
			);
			path = component;
			sourceTree = "<group>";
		};
/* End PBXGroup section */

/* Begin PBXHeadersBuildPhase section */
		1726167D22826FE200A9EB76 /* Headers */ = {
			isa = PBXHeadersBuildPhase;
			buildActionMask = 2147483647;
			files = (
				1726169322826FE200A9EB76 /* QuickSupport.h in Headers */,
			);
			runOnlyForDeploymentPostprocessing = 0;
		};
/* End PBXHeadersBuildPhase section */

/* Begin PBXNativeTarget section */
		1726168122826FE200A9EB76 /* QuickSupport */ = {
			isa = PBXNativeTarget;
			buildConfigurationList = 1726169622826FE200A9EB76 /* Build configuration list for PBXNativeTarget "QuickSupport" */;
			buildPhases = (
				1726167D22826FE200A9EB76 /* Headers */,
				1726167E22826FE200A9EB76 /* Sources */,
				1726167F22826FE200A9EB76 /* Frameworks */,
				1726168022826FE200A9EB76 /* Resources */,
			);
			buildRules = (
			);
			dependencies = (
			);
			name = QuickSupport;
			productName = QuickSupport;
			productReference = 1726168222826FE200A9EB76 /* QuickSupport.framework */;
			productType = "com.apple.product-type.framework";
		};
		1726168A22826FE200A9EB76 /* QuickSupportTests */ = {
			isa = PBXNativeTarget;
			buildConfigurationList = 1726169922826FE200A9EB76 /* Build configuration list for PBXNativeTarget "QuickSupportTests" */;
			buildPhases = (
				898A52EF61FDEE6F94E9EC8B /* [CP] Check Pods Manifest.lock */,
				1726168722826FE200A9EB76 /* Sources */,
				1726168822826FE200A9EB76 /* Frameworks */,
				1726168922826FE200A9EB76 /* Resources */,
				070CC562B42BFCB449246E9F /* [CP] Embed Pods Frameworks */,
			);
			buildRules = (
			);
			dependencies = (
				1726168E22826FE200A9EB76 /* PBXTargetDependency */,
			);
			name = QuickSupportTests;
			productName = QuickSupportTests;
			productReference = 1726168B22826FE200A9EB76 /* QuickSupportTests.xctest */;
			productType = "com.apple.product-type.bundle.unit-test";
		};
/* End PBXNativeTarget section */

/* Begin PBXProject section */
		1726167922826FE200A9EB76 /* Project object */ = {
			isa = PBXProject;
			attributes = {
				LastSwiftUpdateCheck = 1020;
				LastUpgradeCheck = 1030;
				ORGANIZATIONNAME = 6009;
				TargetAttributes = {
					1726168122826FE200A9EB76 = {
						CreatedOnToolsVersion = 10.2.1;
					};
					1726168A22826FE200A9EB76 = {
						CreatedOnToolsVersion = 10.2.1;
					};
				};
			};
			buildConfigurationList = 1726167C22826FE200A9EB76 /* Build configuration list for PBXProject "QuickSupport" */;
			compatibilityVersion = "Xcode 9.3";
			developmentRegion = en;
			hasScannedForEncodings = 0;
			knownRegions = (
				en,
				Base,
			);
			mainGroup = 1726167822826FE200A9EB76;
			productRefGroup = 1726168322826FE200A9EB76 /* Products */;
			projectDirPath = "";
			projectRoot = "";
			targets = (
				1726168122826FE200A9EB76 /* QuickSupport */,
				1726168A22826FE200A9EB76 /* QuickSupportTests */,
			);
		};
/* End PBXProject section */

/* Begin PBXResourcesBuildPhase section */
		1726168022826FE200A9EB76 /* Resources */ = {
			isa = PBXResourcesBuildPhase;
			buildActionMask = 2147483647;
			files = (
			);
			runOnlyForDeploymentPostprocessing = 0;
		};
		1726168922826FE200A9EB76 /* Resources */ = {
			isa = PBXResourcesBuildPhase;
			buildActionMask = 2147483647;
			files = (
			);
			runOnlyForDeploymentPostprocessing = 0;
		};
/* End PBXResourcesBuildPhase section */

/* Begin PBXShellScriptBuildPhase section */
		070CC562B42BFCB449246E9F /* [CP] Embed Pods Frameworks */ = {
			isa = PBXShellScriptBuildPhase;
			buildActionMask = 2147483647;
			files = (
			);
			inputFileListPaths = (
				"${PODS_ROOT}/Target Support Files/Pods-QuickSupportTests/Pods-QuickSupportTests-frameworks-${CONFIGURATION}-input-files.xcfilelist",
			);
			name = "[CP] Embed Pods Frameworks";
			outputFileListPaths = (
				"${PODS_ROOT}/Target Support Files/Pods-QuickSupportTests/Pods-QuickSupportTests-frameworks-${CONFIGURATION}-output-files.xcfilelist",
			);
			runOnlyForDeploymentPostprocessing = 0;
			shellPath = /bin/sh;
			shellScript = "\"${PODS_ROOT}/Target Support Files/Pods-QuickSupportTests/Pods-QuickSupportTests-frameworks.sh\"\n";
			showEnvVarsInLog = 0;
		};
		898A52EF61FDEE6F94E9EC8B /* [CP] Check Pods Manifest.lock */ = {
			isa = PBXShellScriptBuildPhase;
			buildActionMask = 2147483647;
			files = (
			);
			inputFileListPaths = (
			);
			inputPaths = (
				"${PODS_PODFILE_DIR_PATH}/Podfile.lock",
				"${PODS_ROOT}/Manifest.lock",
			);
			name = "[CP] Check Pods Manifest.lock";
			outputFileListPaths = (
			);
			outputPaths = (
				"$(DERIVED_FILE_DIR)/Pods-QuickSupportTests-checkManifestLockResult.txt",
			);
			runOnlyForDeploymentPostprocessing = 0;
			shellPath = /bin/sh;
			shellScript = "diff \"${PODS_PODFILE_DIR_PATH}/Podfile.lock\" \"${PODS_ROOT}/Manifest.lock\" > /dev/null\nif [ $? != 0 ] ; then\n    # print error to STDERR\n    echo \"error: The sandbox is not in sync with the Podfile.lock. Run 'pod install' or update your CocoaPods installation.\" >&2\n    exit 1\nfi\n# This output is used by Xcode 'outputs' to avoid re-running this script phase.\necho \"SUCCESS\" > \"${SCRIPT_OUTPUT_FILE_0}\"\n";
			showEnvVarsInLog = 0;
		};
/* End PBXShellScriptBuildPhase section */

/* Begin PBXSourcesBuildPhase section */
		1726167E22826FE200A9EB76 /* Sources */ = {
			isa = PBXSourcesBuildPhase;
			buildActionMask = 2147483647;
			files = (
				172616E3228270AD00A9EB76 /* QuickButton.swift in Sources */,
				172616C32282709100A9EB76 /* AlsoBlock.swift in Sources */,
				172616E9228270AD00A9EB76 /* GraidentView.swift in Sources */,
				172616CD2282709100A9EB76 /* HideKeypadWhenTap.swift in Sources */,
				172616C02282709100A9EB76 /* KeyboardNotification.swift in Sources */,
				172616CA2282709100A9EB76 /* UIKitExtension.swift in Sources */,
				172616C82282709100A9EB76 /* TimeUtil.swift in Sources */,
				172616E1228270AD00A9EB76 /* BaseViewController.swift in Sources */,
				172616C92282709100A9EB76 /* Validation.swift in Sources */,
				172616CB2282709100A9EB76 /* KeychainTokenItem.swift in Sources */,
				172616CC2282709100A9EB76 /* StringExtension.swift in Sources */,
				172616E0228270AD00A9EB76 /* LoadingVisible.swift in Sources */,
				172616BF2282709000A9EB76 /* FieldError.swift in Sources */,
				172616E6228270AD00A9EB76 /* FinalView.swift in Sources */,
				172616EA228270AD00A9EB76 /* LoadingView.swift in Sources */,
				172616BE2282709000A9EB76 /* IntentContainer.swift in Sources */,
				172616C12282709100A9EB76 /* ForegroundNotable.swift in Sources */,
				172616E4228270AD00A9EB76 /* AlertPop.swift in Sources */,
				17369C4A228AADD3002DB4E9 /* JustView.swift in Sources */,
				172616C62282709100A9EB76 /* DeviceUtil.swift in Sources */,
				1717413823418DB000402029 /* UIStyleChanges.swift in Sources */,
				172616E5228270AD00A9EB76 /* JustCollectionCell.swift in Sources */,
				172616C72282709100A9EB76 /* CommonExtensions.swift in Sources */,
				172616DE228270AD00A9EB76 /* TouchEffectView.swift in Sources */,
				172616BD2282709000A9EB76 /* ViewAttach.swift in Sources */,
				1702EE082434164700FFB259 /* SwiftUIExtension.swift in Sources */,
				172616E8228270AD00A9EB76 /* EmptyCollectionCell.swift in Sources */,
				172616BC2282709000A9EB76 /* Cancelable.swift in Sources */,
				172616E2228270AD00A9EB76 /* CreateViaStoryboard.swift in Sources */,
				17FB854A22FA6CA900D1F29E /* RunOnMain.swift in Sources */,
				172616E7228270AD00A9EB76 /* JustTableCell.swift in Sources */,
				172616C22282709100A9EB76 /* YearMonthDay.swift in Sources */,
			);
			runOnlyForDeploymentPostprocessing = 0;
		};
		1726168722826FE200A9EB76 /* Sources */ = {
			isa = PBXSourcesBuildPhase;
			buildActionMask = 2147483647;
			files = (
				17FB854D2303A89100D1F29E /* CommonExtensions.swift in Sources */,
				1726169122826FE200A9EB76 /* QuickSupportTests.swift in Sources */,
				17FB854E2303AA6E00D1F29E /* TimeUtil.swift in Sources */,
			);
			runOnlyForDeploymentPostprocessing = 0;
		};
/* End PBXSourcesBuildPhase section */

/* Begin PBXTargetDependency section */
		1726168E22826FE200A9EB76 /* PBXTargetDependency */ = {
			isa = PBXTargetDependency;
			target = 1726168122826FE200A9EB76 /* QuickSupport */;
			targetProxy = 1726168D22826FE200A9EB76 /* PBXContainerItemProxy */;
		};
/* End PBXTargetDependency section */

/* Begin XCBuildConfiguration section */
		1726169422826FE200A9EB76 /* Debug */ = {
			isa = XCBuildConfiguration;
			buildSettings = {
				ALWAYS_EMBED_SWIFT_STANDARD_LIBRARIES = "$(inherited)";
				ALWAYS_SEARCH_USER_PATHS = NO;
				CLANG_ANALYZER_NONNULL = YES;
				CLANG_ANALYZER_NUMBER_OBJECT_CONVERSION = YES_AGGRESSIVE;
				CLANG_CXX_LANGUAGE_STANDARD = "gnu++14";
				CLANG_CXX_LIBRARY = "libc++";
				CLANG_ENABLE_MODULES = YES;
				CLANG_ENABLE_OBJC_ARC = YES;
				CLANG_ENABLE_OBJC_WEAK = YES;
				CLANG_WARN_BLOCK_CAPTURE_AUTORELEASING = YES;
				CLANG_WARN_BOOL_CONVERSION = YES;
				CLANG_WARN_COMMA = YES;
				CLANG_WARN_CONSTANT_CONVERSION = YES;
				CLANG_WARN_DEPRECATED_OBJC_IMPLEMENTATIONS = YES;
				CLANG_WARN_DIRECT_OBJC_ISA_USAGE = YES_ERROR;
				CLANG_WARN_DOCUMENTATION_COMMENTS = YES;
				CLANG_WARN_EMPTY_BODY = YES;
				CLANG_WARN_ENUM_CONVERSION = YES;
				CLANG_WARN_INFINITE_RECURSION = YES;
				CLANG_WARN_INT_CONVERSION = YES;
				CLANG_WARN_NON_LITERAL_NULL_CONVERSION = YES;
				CLANG_WARN_OBJC_IMPLICIT_RETAIN_SELF = YES;
				CLANG_WARN_OBJC_LITERAL_CONVERSION = YES;
				CLANG_WARN_OBJC_ROOT_CLASS = YES_ERROR;
				CLANG_WARN_RANGE_LOOP_ANALYSIS = YES;
				CLANG_WARN_STRICT_PROTOTYPES = YES;
				CLANG_WARN_SUSPICIOUS_MOVE = YES;
				CLANG_WARN_UNGUARDED_AVAILABILITY = YES_AGGRESSIVE;
				CLANG_WARN_UNREACHABLE_CODE = YES;
				CLANG_WARN__DUPLICATE_METHOD_MATCH = YES;
				CODE_SIGN_IDENTITY = "iPhone Developer";
				COPY_PHASE_STRIP = NO;
				CURRENT_PROJECT_VERSION = 1;
				DEBUG_INFORMATION_FORMAT = dwarf;
				ENABLE_STRICT_OBJC_MSGSEND = YES;
				ENABLE_TESTABILITY = YES;
				GCC_C_LANGUAGE_STANDARD = gnu11;
				GCC_DYNAMIC_NO_PIC = NO;
				GCC_NO_COMMON_BLOCKS = YES;
				GCC_OPTIMIZATION_LEVEL = 0;
				GCC_PREPROCESSOR_DEFINITIONS = (
					"DEBUG=1",
					"$(inherited)",
				);
				GCC_WARN_64_TO_32_BIT_CONVERSION = YES;
				GCC_WARN_ABOUT_RETURN_TYPE = YES_ERROR;
				GCC_WARN_UNDECLARED_SELECTOR = YES;
				GCC_WARN_UNINITIALIZED_AUTOS = YES_AGGRESSIVE;
				GCC_WARN_UNUSED_FUNCTION = YES;
				GCC_WARN_UNUSED_VARIABLE = YES;
				IPHONEOS_DEPLOYMENT_TARGET = 12.0;
				MTL_ENABLE_DEBUG_INFO = INCLUDE_SOURCE;
				MTL_FAST_MATH = YES;
				ONLY_ACTIVE_ARCH = YES;
				SDKROOT = iphoneos;
				SWIFT_ACTIVE_COMPILATION_CONDITIONS = DEBUG;
				SWIFT_OPTIMIZATION_LEVEL = "-Onone";
				SWIFT_VERSION = 5.0;
				VERSIONING_SYSTEM = "apple-generic";
				VERSION_INFO_PREFIX = "";
			};
			name = Debug;
		};
		1726169522826FE200A9EB76 /* Release */ = {
			isa = XCBuildConfiguration;
			buildSettings = {
				ALWAYS_EMBED_SWIFT_STANDARD_LIBRARIES = "$(inherited)";
				ALWAYS_SEARCH_USER_PATHS = NO;
				CLANG_ANALYZER_NONNULL = YES;
				CLANG_ANALYZER_NUMBER_OBJECT_CONVERSION = YES_AGGRESSIVE;
				CLANG_CXX_LANGUAGE_STANDARD = "gnu++14";
				CLANG_CXX_LIBRARY = "libc++";
				CLANG_ENABLE_MODULES = YES;
				CLANG_ENABLE_OBJC_ARC = YES;
				CLANG_ENABLE_OBJC_WEAK = YES;
				CLANG_WARN_BLOCK_CAPTURE_AUTORELEASING = YES;
				CLANG_WARN_BOOL_CONVERSION = YES;
				CLANG_WARN_COMMA = YES;
				CLANG_WARN_CONSTANT_CONVERSION = YES;
				CLANG_WARN_DEPRECATED_OBJC_IMPLEMENTATIONS = YES;
				CLANG_WARN_DIRECT_OBJC_ISA_USAGE = YES_ERROR;
				CLANG_WARN_DOCUMENTATION_COMMENTS = YES;
				CLANG_WARN_EMPTY_BODY = YES;
				CLANG_WARN_ENUM_CONVERSION = YES;
				CLANG_WARN_INFINITE_RECURSION = YES;
				CLANG_WARN_INT_CONVERSION = YES;
				CLANG_WARN_NON_LITERAL_NULL_CONVERSION = YES;
				CLANG_WARN_OBJC_IMPLICIT_RETAIN_SELF = YES;
				CLANG_WARN_OBJC_LITERAL_CONVERSION = YES;
				CLANG_WARN_OBJC_ROOT_CLASS = YES_ERROR;
				CLANG_WARN_RANGE_LOOP_ANALYSIS = YES;
				CLANG_WARN_STRICT_PROTOTYPES = YES;
				CLANG_WARN_SUSPICIOUS_MOVE = YES;
				CLANG_WARN_UNGUARDED_AVAILABILITY = YES_AGGRESSIVE;
				CLANG_WARN_UNREACHABLE_CODE = YES;
				CLANG_WARN__DUPLICATE_METHOD_MATCH = YES;
				CODE_SIGN_IDENTITY = "iPhone Developer";
				COPY_PHASE_STRIP = NO;
				CURRENT_PROJECT_VERSION = 1;
				DEBUG_INFORMATION_FORMAT = "dwarf-with-dsym";
				ENABLE_NS_ASSERTIONS = NO;
				ENABLE_STRICT_OBJC_MSGSEND = YES;
				GCC_C_LANGUAGE_STANDARD = gnu11;
				GCC_NO_COMMON_BLOCKS = YES;
				GCC_WARN_64_TO_32_BIT_CONVERSION = YES;
				GCC_WARN_ABOUT_RETURN_TYPE = YES_ERROR;
				GCC_WARN_UNDECLARED_SELECTOR = YES;
				GCC_WARN_UNINITIALIZED_AUTOS = YES_AGGRESSIVE;
				GCC_WARN_UNUSED_FUNCTION = YES;
				GCC_WARN_UNUSED_VARIABLE = YES;
				IPHONEOS_DEPLOYMENT_TARGET = 12.0;
				MTL_ENABLE_DEBUG_INFO = NO;
				MTL_FAST_MATH = YES;
				SDKROOT = iphoneos;
				SWIFT_COMPILATION_MODE = wholemodule;
				SWIFT_OPTIMIZATION_LEVEL = "-O";
				SWIFT_VERSION = 5.0;
				VALIDATE_PRODUCT = YES;
				VERSIONING_SYSTEM = "apple-generic";
				VERSION_INFO_PREFIX = "";
			};
			name = Release;
		};
		1726169722826FE200A9EB76 /* Debug */ = {
			isa = XCBuildConfiguration;
			buildSettings = {
				CODE_SIGN_IDENTITY = "";
				CODE_SIGN_STYLE = Automatic;
				CURRENT_PROJECT_VERSION = 2;
				DEBUG_INFORMATION_FORMAT = "dwarf-with-dsym";
				DEFINES_MODULE = YES;
				DEVELOPMENT_TEAM = "";
				DYLIB_COMPATIBILITY_VERSION = 1;
				DYLIB_CURRENT_VERSION = 1;
				DYLIB_INSTALL_NAME_BASE = "@rpath";
				INFOPLIST_FILE = QuickSupport/Info.plist;
				INSTALL_PATH = "$(LOCAL_LIBRARY_DIR)/Frameworks";
				IPHONEOS_DEPLOYMENT_TARGET = 12.0;
				LD_RUNPATH_SEARCH_PATHS = (
					"$(inherited)",
					"@executable_path/Frameworks",
					"@loader_path/Frameworks",
				);
				MARKETING_VERSION = 1.1;
				PRODUCT_BUNDLE_IDENTIFIER = krco.6009.QuickSupport;
				PRODUCT_NAME = "$(TARGET_NAME:c99extidentifier)";
				PROVISIONING_PROFILE_SPECIFIER = "";
				SKIP_INSTALL = YES;
				SWIFT_VERSION = 5.0;
				TARGETED_DEVICE_FAMILY = "1,2";
			};
			name = Debug;
		};
		1726169822826FE200A9EB76 /* Release */ = {
			isa = XCBuildConfiguration;
			buildSettings = {
				CODE_SIGN_IDENTITY = "";
				CODE_SIGN_STYLE = Automatic;
				CURRENT_PROJECT_VERSION = 2;
				DEFINES_MODULE = YES;
				DEVELOPMENT_TEAM = "";
				DYLIB_COMPATIBILITY_VERSION = 1;
				DYLIB_CURRENT_VERSION = 1;
				DYLIB_INSTALL_NAME_BASE = "@rpath";
				INFOPLIST_FILE = QuickSupport/Info.plist;
				INSTALL_PATH = "$(LOCAL_LIBRARY_DIR)/Frameworks";
				IPHONEOS_DEPLOYMENT_TARGET = 12.0;
				LD_RUNPATH_SEARCH_PATHS = (
					"$(inherited)",
					"@executable_path/Frameworks",
					"@loader_path/Frameworks",
				);
				MARKETING_VERSION = 1.1;
				PRODUCT_BUNDLE_IDENTIFIER = krco.6009.QuickSupport;
				PRODUCT_NAME = "$(TARGET_NAME:c99extidentifier)";
				PROVISIONING_PROFILE_SPECIFIER = "";
				SKIP_INSTALL = YES;
				SWIFT_VERSION = 5.0;
				TARGETED_DEVICE_FAMILY = "1,2";
			};
			name = Release;
		};
		1726169A22826FE200A9EB76 /* Debug */ = {
			isa = XCBuildConfiguration;
			buildSettings = {
				ALWAYS_EMBED_SWIFT_STANDARD_LIBRARIES = "$(inherited)";
				CODE_SIGN_STYLE = Automatic;
				DEVELOPMENT_TEAM = AB44623NY2;
				INFOPLIST_FILE = QuickSupportTests/Info.plist;
				LD_RUNPATH_SEARCH_PATHS = (
					"$(inherited)",
					"@executable_path/Frameworks",
					"@loader_path/Frameworks",
				);
				PRODUCT_BUNDLE_IDENTIFIER = krco.6009.QuickSupportTests;
				PRODUCT_NAME = "$(TARGET_NAME)";
				SWIFT_VERSION = 5.0;
				TARGETED_DEVICE_FAMILY = "1,2";
			};
			name = Debug;
		};
		1726169B22826FE200A9EB76 /* Release */ = {
			isa = XCBuildConfiguration;
			buildSettings = {
				ALWAYS_EMBED_SWIFT_STANDARD_LIBRARIES = "$(inherited)";
				CODE_SIGN_STYLE = Automatic;
				DEVELOPMENT_TEAM = AB44623NY2;
				INFOPLIST_FILE = QuickSupportTests/Info.plist;
				LD_RUNPATH_SEARCH_PATHS = (
					"$(inherited)",
					"@executable_path/Frameworks",
					"@loader_path/Frameworks",
				);
				PRODUCT_BUNDLE_IDENTIFIER = krco.6009.QuickSupportTests;
				PRODUCT_NAME = "$(TARGET_NAME)";
				SWIFT_VERSION = 5.0;
				TARGETED_DEVICE_FAMILY = "1,2";
			};
			name = Release;
		};
/* End XCBuildConfiguration section */

/* Begin XCConfigurationList section */
		1726167C22826FE200A9EB76 /* Build configuration list for PBXProject "QuickSupport" */ = {
			isa = XCConfigurationList;
			buildConfigurations = (
				1726169422826FE200A9EB76 /* Debug */,
				1726169522826FE200A9EB76 /* Release */,
			);
			defaultConfigurationIsVisible = 0;
			defaultConfigurationName = Release;
		};
		1726169622826FE200A9EB76 /* Build configuration list for PBXNativeTarget "QuickSupport" */ = {
			isa = XCConfigurationList;
			buildConfigurations = (
				1726169722826FE200A9EB76 /* Debug */,
				1726169822826FE200A9EB76 /* Release */,
			);
			defaultConfigurationIsVisible = 0;
			defaultConfigurationName = Release;
		};
		1726169922826FE200A9EB76 /* Build configuration list for PBXNativeTarget "QuickSupportTests" */ = {
			isa = XCConfigurationList;
			buildConfigurations = (
				1726169A22826FE200A9EB76 /* Debug */,
				1726169B22826FE200A9EB76 /* Release */,
			);
			defaultConfigurationIsVisible = 0;
			defaultConfigurationName = Release;
		};
/* End XCConfigurationList section */
	};
	rootObject = 1726167922826FE200A9EB76 /* Project object */;
}
